// !$*UTF8*$!
{
	archiveVersion = 1;
	classes = {
	};
	objectVersion = 46;
	objects = {

/* Begin PBXBuildFile section */
		C9FFEAD417D2FA76008FE856 /* Foundation.framework in Frameworks */ = {isa = PBXBuildFile; fileRef = C9FFEAD317D2FA76008FE856 /* Foundation.framework */; };
		C9FFEAD617D2FA76008FE856 /* CoreGraphics.framework in Frameworks */ = {isa = PBXBuildFile; fileRef = C9FFEAD517D2FA76008FE856 /* CoreGraphics.framework */; };
		C9FFEAD817D2FA76008FE856 /* UIKit.framework in Frameworks */ = {isa = PBXBuildFile; fileRef = C9FFEAD717D2FA76008FE856 /* UIKit.framework */; };
		C9FFEAE017D2FA76008FE856 /* main.m in Sources */ = {isa = PBXBuildFile; fileRef = C9FFEADF17D2FA76008FE856 /* main.m */; };
		C9FFEAE417D2FA76008FE856 /* AppDelegate.m in Sources */ = {isa = PBXBuildFile; fileRef = C9FFEAE317D2FA76008FE856 /* AppDelegate.m */; };
		C9FFEAE717D2FA76008FE856 /* Main.storyboard in Resources */ = {isa = PBXBuildFile; fileRef = C9FFEAE517D2FA76008FE856 /* Main.storyboard */; };
		C9FFEAEA17D2FA76008FE856 /* ViewController.m in Sources */ = {isa = PBXBuildFile; fileRef = C9FFEAE917D2FA76008FE856 /* ViewController.m */; };
		C9FFEAEC17D2FA76008FE856 /* Images.xcassets in Resources */ = {isa = PBXBuildFile; fileRef = C9FFEAEB17D2FA76008FE856 /* Images.xcassets */; };
		C9FFEAF317D2FA76008FE856 /* XCTest.framework in Frameworks */ = {isa = PBXBuildFile; fileRef = C9FFEAF217D2FA76008FE856 /* XCTest.framework */; };
		C9FFEAF417D2FA76008FE856 /* Foundation.framework in Frameworks */ = {isa = PBXBuildFile; fileRef = C9FFEAD317D2FA76008FE856 /* Foundation.framework */; };
		C9FFEAF517D2FA76008FE856 /* UIKit.framework in Frameworks */ = {isa = PBXBuildFile; fileRef = C9FFEAD717D2FA76008FE856 /* UIKit.framework */; };
/* End PBXBuildFile section */

/* Begin PBXContainerItemProxy section */
		C9FFEAF617D2FA76008FE856 /* PBXContainerItemProxy */ = {
			isa = PBXContainerItemProxy;
			containerPortal = C9FFEAC817D2FA75008FE856 /* Project object */;
			proxyType = 1;
			remoteGlobalIDString = C9FFEACF17D2FA76008FE856;
			remoteInfo = SkyKit;
		};
/* End PBXContainerItemProxy section */

/* Begin PBXFileReference section */
		C9FFEAD017D2FA76008FE856 /* SkyKit.app */ = {isa = PBXFileReference; explicitFileType = wrapper.application; includeInIndex = 0; path = SkyKit.app; sourceTree = BUILT_PRODUCTS_DIR; };
		C9FFEAD317D2FA76008FE856 /* Foundation.framework */ = {isa = PBXFileReference; lastKnownFileType = wrapper.framework; name = Foundation.framework; path = System/Library/Frameworks/Foundation.framework; sourceTree = SDKROOT; };
		C9FFEAD517D2FA76008FE856 /* CoreGraphics.framework */ = {isa = PBXFileReference; lastKnownFileType = wrapper.framework; name = CoreGraphics.framework; path = System/Library/Frameworks/CoreGraphics.framework; sourceTree = SDKROOT; };
		C9FFEAD717D2FA76008FE856 /* UIKit.framework */ = {isa = PBXFileReference; lastKnownFileType = wrapper.framework; name = UIKit.framework; path = System/Library/Frameworks/UIKit.framework; sourceTree = SDKROOT; };
		C9FFEADB17D2FA76008FE856 /* SkyKit-Info.plist */ = {isa = PBXFileReference; lastKnownFileType = text.plist.xml; path = "SkyKit-Info.plist"; sourceTree = "<group>"; };
		C9FFEADF17D2FA76008FE856 /* main.m */ = {isa = PBXFileReference; lastKnownFileType = sourcecode.c.objc; path = main.m; sourceTree = "<group>"; };
		C9FFEAE117D2FA76008FE856 /* SkyKit-Prefix.pch */ = {isa = PBXFileReference; lastKnownFileType = sourcecode.c.h; path = "SkyKit-Prefix.pch"; sourceTree = "<group>"; };
		C9FFEAE217D2FA76008FE856 /* AppDelegate.h */ = {isa = PBXFileReference; lastKnownFileType = sourcecode.c.h; path = AppDelegate.h; sourceTree = "<group>"; };
		C9FFEAE317D2FA76008FE856 /* AppDelegate.m */ = {isa = PBXFileReference; lastKnownFileType = sourcecode.c.objc; path = AppDelegate.m; sourceTree = "<group>"; };
		C9FFEAE617D2FA76008FE856 /* Base */ = {isa = PBXFileReference; lastKnownFileType = file.storyboard; name = Base; path = Base.lproj/Main.storyboard; sourceTree = "<group>"; };
		C9FFEAE817D2FA76008FE856 /* ViewController.h */ = {isa = PBXFileReference; lastKnownFileType = sourcecode.c.h; path = ViewController.h; sourceTree = "<group>"; };
		C9FFEAE917D2FA76008FE856 /* ViewController.m */ = {isa = PBXFileReference; lastKnownFileType = sourcecode.c.objc; path = ViewController.m; sourceTree = "<group>"; };
		C9FFEAEB17D2FA76008FE856 /* Images.xcassets */ = {isa = PBXFileReference; lastKnownFileType = folder.assetcatalog; path = Images.xcassets; sourceTree = "<group>"; };
		C9FFEAF117D2FA76008FE856 /* SkyKitTests.xctest */ = {isa = PBXFileReference; explicitFileType = wrapper.cfbundle; includeInIndex = 0; path = SkyKitTests.xctest; sourceTree = BUILT_PRODUCTS_DIR; };
		C9FFEAF217D2FA76008FE856 /* XCTest.framework */ = {isa = PBXFileReference; lastKnownFileType = wrapper.framework; name = XCTest.framework; path = Library/Frameworks/XCTest.framework; sourceTree = DEVELOPER_DIR; };
/* End PBXFileReference section */

/* Begin PBXFrameworksBuildPhase section */
		C9FFEACD17D2FA76008FE856 /* Frameworks */ = {
			isa = PBXFrameworksBuildPhase;
			buildActionMask = 2147483647;
			files = (
				C9FFEAD617D2FA76008FE856 /* CoreGraphics.framework in Frameworks */,
				C9FFEAD817D2FA76008FE856 /* UIKit.framework in Frameworks */,
				C9FFEAD417D2FA76008FE856 /* Foundation.framework in Frameworks */,
			);
			runOnlyForDeploymentPostprocessing = 0;
		};
		C9FFEAEE17D2FA76008FE856 /* Frameworks */ = {
			isa = PBXFrameworksBuildPhase;
			buildActionMask = 2147483647;
			files = (
				C9FFEAF317D2FA76008FE856 /* XCTest.framework in Frameworks */,
				C9FFEAF517D2FA76008FE856 /* UIKit.framework in Frameworks */,
				C9FFEAF417D2FA76008FE856 /* Foundation.framework in Frameworks */,
			);
			runOnlyForDeploymentPostprocessing = 0;
		};
/* End PBXFrameworksBuildPhase section */

/* Begin PBXGroup section */
		C9FFEAC717D2FA75008FE856 = {
			isa = PBXGroup;
			children = (
				C9FFEAD917D2FA76008FE856 /* SkyKit */,
				C9FFEAD217D2FA76008FE856 /* Frameworks */,
				C9FFEAD117D2FA76008FE856 /* Products */,
			);
			sourceTree = "<group>";
		};
		C9FFEAD117D2FA76008FE856 /* Products */ = {
			isa = PBXGroup;
			children = (
				C9FFEAD017D2FA76008FE856 /* SkyKit.app */,
				C9FFEAF117D2FA76008FE856 /* SkyKitTests.xctest */,
			);
			name = Products;
			sourceTree = "<group>";
		};
		C9FFEAD217D2FA76008FE856 /* Frameworks */ = {
			isa = PBXGroup;
			children = (
				C9FFEAD317D2FA76008FE856 /* Foundation.framework */,
				C9FFEAD517D2FA76008FE856 /* CoreGraphics.framework */,
				C9FFEAD717D2FA76008FE856 /* UIKit.framework */,
				C9FFEAF217D2FA76008FE856 /* XCTest.framework */,
			);
			name = Frameworks;
			sourceTree = "<group>";
		};
		C9FFEAD917D2FA76008FE856 /* SkyKit */ = {
			isa = PBXGroup;
			children = (
				C9FFEAE217D2FA76008FE856 /* AppDelegate.h */,
				C9FFEAE317D2FA76008FE856 /* AppDelegate.m */,
				C9FFEAE817D2FA76008FE856 /* ViewController.h */,
				C9FFEAE917D2FA76008FE856 /* ViewController.m */,
				C9FFEAEB17D2FA76008FE856 /* Images.xcassets */,
				C9FFEADA17D2FA76008FE856 /* Supporting Files */,
			);
			path = SkyKit;
			sourceTree = "<group>";
		};
		C9FFEADA17D2FA76008FE856 /* Supporting Files */ = {
			isa = PBXGroup;
			children = (
				C9FFEAE517D2FA76008FE856 /* Main.storyboard */,
				C9FFEADB17D2FA76008FE856 /* SkyKit-Info.plist */,
				C9FFEADF17D2FA76008FE856 /* main.m */,
				C9FFEAE117D2FA76008FE856 /* SkyKit-Prefix.pch */,
			);
			name = "Supporting Files";
			sourceTree = "<group>";
		};
/* End PBXGroup section */

/* Begin PBXNativeTarget section */
		C9FFEACF17D2FA76008FE856 /* SkyKit */ = {
			isa = PBXNativeTarget;
			buildConfigurationList = C9FFEB0217D2FA76008FE856 /* Build configuration list for PBXNativeTarget "SkyKit" */;
			buildPhases = (
				C9FFEACC17D2FA76008FE856 /* Sources */,
				C9FFEACD17D2FA76008FE856 /* Frameworks */,
				C9FFEACE17D2FA76008FE856 /* Resources */,
			);
			buildRules = (
			);
			dependencies = (
			);
			name = SkyKit;
			productName = SkyKit;
			productReference = C9FFEAD017D2FA76008FE856 /* SkyKit.app */;
			productType = "com.apple.product-type.application";
		};
		C9FFEAF017D2FA76008FE856 /* SkyKitTests */ = {
			isa = PBXNativeTarget;
			buildConfigurationList = C9FFEB0517D2FA76008FE856 /* Build configuration list for PBXNativeTarget "SkyKitTests" */;
			buildPhases = (
				C9FFEAED17D2FA76008FE856 /* Sources */,
				C9FFEAEE17D2FA76008FE856 /* Frameworks */,
				C9FFEAEF17D2FA76008FE856 /* Resources */,
			);
			buildRules = (
			);
			dependencies = (
				C9FFEAF717D2FA76008FE856 /* PBXTargetDependency */,
			);
			name = SkyKitTests;
			productName = SkyKitTests;
			productReference = C9FFEAF117D2FA76008FE856 /* SkyKitTests.xctest */;
			productType = "com.apple.product-type.bundle.unit-test";
		};
/* End PBXNativeTarget section */

/* Begin PBXProject section */
		C9FFEAC817D2FA75008FE856 /* Project object */ = {
			isa = PBXProject;
			attributes = {
				LastUpgradeCheck = 0500;
				ORGANIZATIONNAME = MattRajca;
				TargetAttributes = {
					C9FFEAF017D2FA76008FE856 = {
						TestTargetID = C9FFEACF17D2FA76008FE856;
					};
				};
			};
			buildConfigurationList = C9FFEACB17D2FA75008FE856 /* Build configuration list for PBXProject "SkyKit" */;
			compatibilityVersion = "Xcode 3.2";
			developmentRegion = English;
			hasScannedForEncodings = 0;
			knownRegions = (
				en,
				Base,
			);
			mainGroup = C9FFEAC717D2FA75008FE856;
			productRefGroup = C9FFEAD117D2FA76008FE856 /* Products */;
			projectDirPath = "";
			projectRoot = "";
			targets = (
				C9FFEACF17D2FA76008FE856 /* SkyKit */,
				C9FFEAF017D2FA76008FE856 /* SkyKitTests */,
			);
		};
/* End PBXProject section */

/* Begin PBXResourcesBuildPhase section */
		C9FFEACE17D2FA76008FE856 /* Resources */ = {
			isa = PBXResourcesBuildPhase;
			buildActionMask = 2147483647;
			files = (
				C9FFEAEC17D2FA76008FE856 /* Images.xcassets in Resources */,
				C9FFEAE717D2FA76008FE856 /* Main.storyboard in Resources */,
			);
			runOnlyForDeploymentPostprocessing = 0;
		};
		C9FFEAEF17D2FA76008FE856 /* Resources */ = {
			isa = PBXResourcesBuildPhase;
			buildActionMask = 2147483647;
			files = (
			);
			runOnlyForDeploymentPostprocessing = 0;
		};
/* End PBXResourcesBuildPhase section */

/* Begin PBXSourcesBuildPhase section */
		C9FFEACC17D2FA76008FE856 /* Sources */ = {
			isa = PBXSourcesBuildPhase;
			buildActionMask = 2147483647;
			files = (
				C9FFEAEA17D2FA76008FE856 /* ViewController.m in Sources */,
				C9FFEAE417D2FA76008FE856 /* AppDelegate.m in Sources */,
				C9FFEAE017D2FA76008FE856 /* main.m in Sources */,
			);
			runOnlyForDeploymentPostprocessing = 0;
		};
		C9FFEAED17D2FA76008FE856 /* Sources */ = {
			isa = PBXSourcesBuildPhase;
			buildActionMask = 2147483647;
			files = (
			);
			runOnlyForDeploymentPostprocessing = 0;
		};
/* End PBXSourcesBuildPhase section */

/* Begin PBXTargetDependency section */
		C9FFEAF717D2FA76008FE856 /* PBXTargetDependency */ = {
			isa = PBXTargetDependency;
			target = C9FFEACF17D2FA76008FE856 /* SkyKit */;
			targetProxy = C9FFEAF617D2FA76008FE856 /* PBXContainerItemProxy */;
		};
/* End PBXTargetDependency section */

/* Begin PBXVariantGroup section */
		C9FFEAE517D2FA76008FE856 /* Main.storyboard */ = {
			isa = PBXVariantGroup;
			children = (
				C9FFEAE617D2FA76008FE856 /* Base */,
			);
			name = Main.storyboard;
			sourceTree = "<group>";
		};
/* End PBXVariantGroup section */

/* Begin XCBuildConfiguration section */
		C9FFEB0017D2FA76008FE856 /* Debug */ = {
			isa = XCBuildConfiguration;
			buildSettings = {
				ALWAYS_SEARCH_USER_PATHS = NO;
				CLANG_CXX_LANGUAGE_STANDARD = "gnu++0x";
				CLANG_CXX_LIBRARY = "libc++";
				CLANG_ENABLE_MODULES = YES;
				CLANG_ENABLE_OBJC_ARC = YES;
				CLANG_WARN_BOOL_CONVERSION = YES;
				CLANG_WARN_CONSTANT_CONVERSION = YES;
				CLANG_WARN_DIRECT_OBJC_ISA_USAGE = YES_ERROR;
				CLANG_WARN_EMPTY_BODY = YES;
				CLANG_WARN_ENUM_CONVERSION = YES;
				CLANG_WARN_INT_CONVERSION = YES;
				CLANG_WARN_OBJC_ROOT_CLASS = YES_ERROR;
				CLANG_WARN__DUPLICATE_METHOD_MATCH = YES;
				"CODE_SIGN_IDENTITY[sdk=iphoneos*]" = "iPhone Developer";
				COPY_PHASE_STRIP = NO;
				GCC_C_LANGUAGE_STANDARD = gnu99;
				GCC_DYNAMIC_NO_PIC = NO;
				GCC_OPTIMIZATION_LEVEL = 0;
				GCC_PREPROCESSOR_DEFINITIONS = (
					"DEBUG=1",
					"$(inherited)",
				);
				GCC_SYMBOLS_PRIVATE_EXTERN = NO;
				GCC_WARN_ABOUT_RETURN_TYPE = YES_ERROR;
				GCC_WARN_UNDECLARED_SELECTOR = YES;
				GCC_WARN_UNINITIALIZED_AUTOS = YES;
				GCC_WARN_UNUSED_FUNCTION = YES;
				GCC_WARN_UNUSED_VARIABLE = YES;
				IPHONEOS_DEPLOYMENT_TARGET = 7.0;
				ONLY_ACTIVE_ARCH = YES;
				SDKROOT = iphoneos;
			};
			name = Debug;
		};
		C9FFEB0117D2FA76008FE856 /* Release */ = {
			isa = XCBuildConfiguration;
			buildSettings = {
				ALWAYS_SEARCH_USER_PATHS = NO;
				CLANG_CXX_LANGUAGE_STANDARD = "gnu++0x";
				CLANG_CXX_LIBRARY = "libc++";
				CLANG_ENABLE_MODULES = YES;
				CLANG_ENABLE_OBJC_ARC = YES;
				CLANG_WARN_BOOL_CONVERSION = YES;
				CLANG_WARN_CONSTANT_CONVERSION = YES;
				CLANG_WARN_DIRECT_OBJC_ISA_USAGE = YES_ERROR;
				CLANG_WARN_EMPTY_BODY = YES;
				CLANG_WARN_ENUM_CONVERSION = YES;
				CLANG_WARN_INT_CONVERSION = YES;
				CLANG_WARN_OBJC_ROOT_CLASS = YES_ERROR;
				CLANG_WARN__DUPLICATE_METHOD_MATCH = YES;
				"CODE_SIGN_IDENTITY[sdk=iphoneos*]" = "iPhone Developer";
				COPY_PHASE_STRIP = YES;
				ENABLE_NS_ASSERTIONS = NO;
				GCC_C_LANGUAGE_STANDARD = gnu99;
				GCC_WARN_ABOUT_RETURN_TYPE = YES_ERROR;
				GCC_WARN_UNDECLARED_SELECTOR = YES;
				GCC_WARN_UNINITIALIZED_AUTOS = YES;
				GCC_WARN_UNUSED_FUNCTION = YES;
				GCC_WARN_UNUSED_VARIABLE = YES;
				IPHONEOS_DEPLOYMENT_TARGET = 7.0;
				SDKROOT = iphoneos;
				VALIDATE_PRODUCT = YES;
			};
			name = Release;
		};
		C9FFEB0317D2FA76008FE856 /* Debug */ = {
			isa = XCBuildConfiguration;
			buildSettings = {
				ASSETCATALOG_COMPILER_APPICON_NAME = AppIcon;
				ASSETCATALOG_COMPILER_LAUNCHIMAGE_NAME = LaunchImage;
				GCC_PRECOMPILE_PREFIX_HEADER = YES;
				GCC_PREFIX_HEADER = "SkyKit/SkyKit-Prefix.pch";
				INFOPLIST_FILE = "SkyKit/SkyKit-Info.plist";
				PRODUCT_NAME = "$(TARGET_NAME)";
				WRAPPER_EXTENSION = app;
			};
			name = Debug;
		};
		C9FFEB0417D2FA76008FE856 /* Release */ = {
			isa = XCBuildConfiguration;
			buildSettings = {
				ASSETCATALOG_COMPILER_APPICON_NAME = AppIcon;
				ASSETCATALOG_COMPILER_LAUNCHIMAGE_NAME = LaunchImage;
				GCC_PRECOMPILE_PREFIX_HEADER = YES;
				GCC_PREFIX_HEADER = "SkyKit/SkyKit-Prefix.pch";
				INFOPLIST_FILE = "SkyKit/SkyKit-Info.plist";
				PRODUCT_NAME = "$(TARGET_NAME)";
				WRAPPER_EXTENSION = app;
			};
			name = Release;
		};
		C9FFEB0617D2FA76008FE856 /* Debug */ = {
			isa = XCBuildConfiguration;
			buildSettings = {
				BUNDLE_LOADER = "$(BUILT_PRODUCTS_DIR)/SkyKit.app/SkyKit";
				FRAMEWORK_SEARCH_PATHS = (
					"$(SDKROOT)/Developer/Library/Frameworks",
					"$(inherited)",
					"$(DEVELOPER_FRAMEWORKS_DIR)",
				);
				GCC_PRECOMPILE_PREFIX_HEADER = YES;
				GCC_PREFIX_HEADER = "SkyKit/SkyKit-Prefix.pch";
				GCC_PREPROCESSOR_DEFINITIONS = (
					"DEBUG=1",
					"$(inherited)",
				);
				INFOPLIST_FILE = "SkyKitTests/SkyKitTests-Info.plist";
				PRODUCT_NAME = "$(TARGET_NAME)";
				TEST_HOST = "$(BUNDLE_LOADER)";
				WRAPPER_EXTENSION = xctest;
			};
			name = Debug;
		};
		C9FFEB0717D2FA76008FE856 /* Release */ = {
			isa = XCBuildConfiguration;
			buildSettings = {
				BUNDLE_LOADER = "$(BUILT_PRODUCTS_DIR)/SkyKit.app/SkyKit";
				FRAMEWORK_SEARCH_PATHS = (
					"$(SDKROOT)/Developer/Library/Frameworks",
					"$(inherited)",
					"$(DEVELOPER_FRAMEWORKS_DIR)",
				);
				GCC_PRECOMPILE_PREFIX_HEADER = YES;
				GCC_PREFIX_HEADER = "SkyKit/SkyKit-Prefix.pch";
				INFOPLIST_FILE = "SkyKitTests/SkyKitTests-Info.plist";
				PRODUCT_NAME = "$(TARGET_NAME)";
				TEST_HOST = "$(BUNDLE_LOADER)";
				WRAPPER_EXTENSION = xctest;
			};
			name = Release;
		};
/* End XCBuildConfiguration section */

/* Begin XCConfigurationList section */
		C9FFEACB17D2FA75008FE856 /* Build configuration list for PBXProject "SkyKit" */ = {
			isa = XCConfigurationList;
			buildConfigurations = (
				C9FFEB0017D2FA76008FE856 /* Debug */,
				C9FFEB0117D2FA76008FE856 /* Release */,
			);
			defaultConfigurationIsVisible = 0;
			defaultConfigurationName = Release;
		};
		C9FFEB0217D2FA76008FE856 /* Build configuration list for PBXNativeTarget "SkyKit" */ = {
			isa = XCConfigurationList;
			buildConfigurations = (
				C9FFEB0317D2FA76008FE856 /* Debug */,
				C9FFEB0417D2FA76008FE856 /* Release */,
			);
			defaultConfigurationIsVisible = 0;
			defaultConfigurationName = Release;
		};
		C9FFEB0517D2FA76008FE856 /* Build configuration list for PBXNativeTarget "SkyKitTests" */ = {
			isa = XCConfigurationList;
			buildConfigurations = (
				C9FFEB0617D2FA76008FE856 /* Debug */,
				C9FFEB0717D2FA76008FE856 /* Release */,
			);
			defaultConfigurationIsVisible = 0;
			defaultConfigurationName = Release;
		};
/* End XCConfigurationList section */
	};
	rootObject = C9FFEAC817D2FA75008FE856 /* Project object */;
}
